
Microsoft Visual Studio Solution File, Format Version 12.00
# Visual Studio Version 17
VisualStudioVersion = 17.0.31903.59
MinimumVisualStudioVersion = 10.0.40219.1
Project("{FAE04EC0-301F-11D3-BF4B-00C04F79EFBC}") = "Tarefas", "Tarefas\Tarefas.csproj", "{1D54CF9B-41EF-4B53-A531-0D8F689CF4F8}"
EndProject
Project("{FAE04EC0-301F-11D3-BF4B-00C04F79EFBC}") = "BlazorDataBinding", "BlazorDataBinding\BlazorDataBinding.csproj", "{F73A1677-ED81-4D02-9C9C-7A5C780CD414}"
EndProject
Project("{FAE04EC0-301F-11D3-BF4B-00C04F79EFBC}") = "BlazorEvents", "BlazorEvents\BlazorEvents.csproj", "{D66AE392-B253-421B-B8C3-F771C7C688CA}"
EndProject
Project("{FAE04EC0-301F-11D3-BF4B-00C04F79EFBC}") = "CicloDeVidaComponentes", "CicloDeVidaComponentes\CicloDeVidaComponentes.csproj", "{A666476A-D787-40C1-91B8-92AA90C7F76D}"
EndProject
Project("{FAE04EC0-301F-11D3-BF4B-00C04F79EFBC}") = "BlazorFormularios", "BlazorFormularios\BlazorFormularios.csproj", "{6DE8A118-CDAD-4169-843D-7E6EFDC2EDDF}"
EndProject
Project("{FAE04EC0-301F-11D3-BF4B-00C04F79EFBC}") = "BlazorQuickGridEF", "BlazorQuickGridEF\BlazorQuickGridEF.csproj", "{53D1A7F2-9F47-46D7-8EC7-A7A3719A2958}"
EndProject
Project("{2150E333-8FDC-42A3-9474-1A3956D46DE8}") = "BlazorClientesNet10", "BlazorClientesNet10", "{C21B3820-AA80-9384-7530-3685925F5E02}"
EndProject
Project("{FAE04EC0-301F-11D3-BF4B-00C04F79EFBC}") = "BlazorClientesNet10", "BlazorClientesNet10\BlazorClientesNet10\BlazorClientesNet10.csproj", "{F7B6FDFA-DC28-41F5-AA05-209DF56FEFAD}"
EndProject
Project("{FAE04EC0-301F-11D3-BF4B-00C04F79EFBC}") = "BlazorClientesNet10.Client", "BlazorClientesNet10\BlazorClientesNet10.Client\BlazorClientesNet10.Client.csproj", "{61207025-210C-43B7-8E60-7BFBF60B757B}"
EndProject
Project("{FAE04EC0-301F-11D3-BF4B-00C04F79EFBC}") = "BlazorClientesNet10.Shared", "BlazorClientesNet10\BlazorClientesNet10.Shared\BlazorClientesNet10.Shared.csproj", "{31EDDB4E-FC94-459D-828D-9AE724125844}"
EndProject
Project("{FAE04EC0-301F-11D3-BF4B-00C04F79EFBC}") = "BlazorFormsSection5", "BlazorFormsSection5\BlazorFormsSection5.csproj", "{E83329F7-16B0-4FD8-A457-182E45B93F3A}"
EndProject
Project("{2150E333-8FDC-42A3-9474-1A3956D46DE8}") = "BlazorSectionsDemo", "BlazorSectionsDemo", "{03B359A2-2D98-D475-7F48-B168CEE51930}"
EndProject
Project("{FAE04EC0-301F-11D3-BF4B-00C04F79EFBC}") = "BlazorSectionsDemo", "BlazorSectionsDemo\BlazorSectionsDemo\BlazorSectionsDemo.csproj", "{1B04785B-2442-43A7-81FA-7A4B35C18386}"
EndProject
Project("{FAE04EC0-301F-11D3-BF4B-00C04F79EFBC}") = "BlazorSectionsDemo.Client", "BlazorSectionsDemo\BlazorSectionsDemo.Client\BlazorSectionsDemo.Client.csproj", "{E3062F28-6C9A-4354-94F8-A7DB8E033AB2}"
EndProject
Project("{FAE04EC0-301F-11D3-BF4B-00C04F79EFBC}") = "ConsoleRazorComponent", "ConsoleRazorComponent\ConsoleRazorComponent.csproj", "{A9E7D07B-1324-4391-8A79-F5EBBCEE5411}"
EndProject
Project("{2150E333-8FDC-42A3-9474-1A3956D46DE8}") = "BlazorFluentDemo", "BlazorFluentDemo", "{D1D2A9C0-4ED0-D86F-03BC-E6A25DF68AE3}"
EndProject
Project("{FAE04EC0-301F-11D3-BF4B-00C04F79EFBC}") = "BlazorFluentDemo", "BlazorFluentDemo\BlazorFluentDemo\BlazorFluentDemo.csproj", "{70E1944C-B6EC-4E35-92A7-499C209B0B73}"
EndProject
Project("{FAE04EC0-301F-11D3-BF4B-00C04F79EFBC}") = "BlazorFluentDemo.Client", "BlazorFluentDemo\BlazorFluentDemo.Client\BlazorFluentDemo.Client.csproj", "{B4DCBA23-89CB-4C0D-8308-28AF72BE45DB}"
EndProject
Project("{FAE04EC0-301F-11D3-BF4B-00C04F79EFBC}") = "BlazorFluentCRUD", "BlazorFluentCRUD\BlazorFluentCRUD.csproj", "{E99D109A-1353-487E-909E-B60007A5F8F9}"
EndProject
Project("{FAE04EC0-301F-11D3-BF4B-00C04F79EFBC}") = "BlazorUploads", "BlazorUploads\BlazorUploads.csproj", "{8BD95127-4ABF-4F21-8988-AEDE64541E0B}"
EndProject
Project("{FAE04EC0-301F-11D3-BF4B-00C04F79EFBC}") = "BlazorUploadsSSR", "BlazorUploadsSSR\BlazorUploadsSSR.csproj", "{B7731044-08D4-41F0-80ED-0600FEB8CD32}"
EndProject
Project("{2150E333-8FDC-42A3-9474-1A3956D46DE8}") = "BlazorUploadsWASM_NOT_WORKING", "BlazorUploadsWASM_NOT_WORKING", "{5F6FA6BC-E215-0561-E7F7-C5D9EBD86120}"
EndProject
Project("{FAE04EC0-301F-11D3-BF4B-00C04F79EFBC}") = "BlazorUploadWASM.Client", "BlazorUploadsWASM\BlazorUploadWASM\BlazorUploadWASM.Client\BlazorUploadWASM.Client.csproj", "{15FB0C2A-1F92-437B-904C-3FB8ADC17E86}"
EndProject
Project("{FAE04EC0-301F-11D3-BF4B-00C04F79EFBC}") = "BlazorUploadWASM", "BlazorUploadsWASM\BlazorUploadWASM\BlazorWASM\BlazorUploadWASM.csproj", "{E71DAAAC-E04D-46ED-BC63-B0BC765DDAC9}"
EndProject
Project("{FAE04EC0-301F-11D3-BF4B-00C04F79EFBC}") = "BlazorUploadWASM.Shared", "BlazorUploadsWASM\BlazorUploadWASM.Shared\BlazorUploadWASM.Shared.csproj", "{4D4D0431-83A2-42E3-918D-D201BD4A606B}"
EndProject
Project("{2150E333-8FDC-42A3-9474-1A3956D46DE8}") = "BlazorAppIdentity", "BlazorAppIdentity", "{C40A6094-6B4D-9974-D97C-496D3C35152A}"
EndProject
Project("{FAE04EC0-301F-11D3-BF4B-00C04F79EFBC}") = "BlazorAppIdentity", "BlazorAppIdentity\BlazorAppIdentity\BlazorAppIdentity.csproj", "{09A8A492-744C-40F4-A524-886366301AB1}"
EndProject
Project("{FAE04EC0-301F-11D3-BF4B-00C04F79EFBC}") = "BlazorAppIdentity.Client", "BlazorAppIdentity\BlazorAppIdentity.Client\BlazorAppIdentity.Client.csproj", "{06454E9B-0294-4997-A2B1-7EF930703E00}"
EndProject
Global
	GlobalSection(SolutionConfigurationPlatforms) = preSolution
		Debug|Any CPU = Debug|Any CPU
		Debug|x64 = Debug|x64
		Debug|x86 = Debug|x86
		Release|Any CPU = Release|Any CPU
		Release|x64 = Release|x64
		Release|x86 = Release|x86
	EndGlobalSection
	GlobalSection(ProjectConfigurationPlatforms) = postSolution
		{1D54CF9B-41EF-4B53-A531-0D8F689CF4F8}.Debug|Any CPU.ActiveCfg = Debug|Any CPU
		{1D54CF9B-41EF-4B53-A531-0D8F689CF4F8}.Debug|Any CPU.Build.0 = Debug|Any CPU
		{1D54CF9B-41EF-4B53-A531-0D8F689CF4F8}.Debug|x64.ActiveCfg = Debug|Any CPU
		{1D54CF9B-41EF-4B53-A531-0D8F689CF4F8}.Debug|x64.Build.0 = Debug|Any CPU
		{1D54CF9B-41EF-4B53-A531-0D8F689CF4F8}.Debug|x86.ActiveCfg = Debug|Any CPU
		{1D54CF9B-41EF-4B53-A531-0D8F689CF4F8}.Debug|x86.Build.0 = Debug|Any CPU
		{1D54CF9B-41EF-4B53-A531-0D8F689CF4F8}.Release|Any CPU.ActiveCfg = Release|Any CPU
		{1D54CF9B-41EF-4B53-A531-0D8F689CF4F8}.Release|Any CPU.Build.0 = Release|Any CPU
		{1D54CF9B-41EF-4B53-A531-0D8F689CF4F8}.Release|x64.ActiveCfg = Release|Any CPU
		{1D54CF9B-41EF-4B53-A531-0D8F689CF4F8}.Release|x64.Build.0 = Release|Any CPU
		{1D54CF9B-41EF-4B53-A531-0D8F689CF4F8}.Release|x86.ActiveCfg = Release|Any CPU
		{1D54CF9B-41EF-4B53-A531-0D8F689CF4F8}.Release|x86.Build.0 = Release|Any CPU
		{F73A1677-ED81-4D02-9C9C-7A5C780CD414}.Debug|Any CPU.ActiveCfg = Debug|Any CPU
		{F73A1677-ED81-4D02-9C9C-7A5C780CD414}.Debug|Any CPU.Build.0 = Debug|Any CPU
		{F73A1677-ED81-4D02-9C9C-7A5C780CD414}.Debug|x64.ActiveCfg = Debug|Any CPU
		{F73A1677-ED81-4D02-9C9C-7A5C780CD414}.Debug|x64.Build.0 = Debug|Any CPU
		{F73A1677-ED81-4D02-9C9C-7A5C780CD414}.Debug|x86.ActiveCfg = Debug|Any CPU
		{F73A1677-ED81-4D02-9C9C-7A5C780CD414}.Debug|x86.Build.0 = Debug|Any CPU
		{F73A1677-ED81-4D02-9C9C-7A5C780CD414}.Release|Any CPU.ActiveCfg = Release|Any CPU
		{F73A1677-ED81-4D02-9C9C-7A5C780CD414}.Release|Any CPU.Build.0 = Release|Any CPU
		{F73A1677-ED81-4D02-9C9C-7A5C780CD414}.Release|x64.ActiveCfg = Release|Any CPU
		{F73A1677-ED81-4D02-9C9C-7A5C780CD414}.Release|x64.Build.0 = Release|Any CPU
		{F73A1677-ED81-4D02-9C9C-7A5C780CD414}.Release|x86.ActiveCfg = Release|Any CPU
		{F73A1677-ED81-4D02-9C9C-7A5C780CD414}.Release|x86.Build.0 = Release|Any CPU
		{D66AE392-B253-421B-B8C3-F771C7C688CA}.Debug|Any CPU.ActiveCfg = Debug|Any CPU
		{D66AE392-B253-421B-B8C3-F771C7C688CA}.Debug|Any CPU.Build.0 = Debug|Any CPU
		{D66AE392-B253-421B-B8C3-F771C7C688CA}.Debug|x64.ActiveCfg = Debug|Any CPU
		{D66AE392-B253-421B-B8C3-F771C7C688CA}.Debug|x64.Build.0 = Debug|Any CPU
		{D66AE392-B253-421B-B8C3-F771C7C688CA}.Debug|x86.ActiveCfg = Debug|Any CPU
		{D66AE392-B253-421B-B8C3-F771C7C688CA}.Debug|x86.Build.0 = Debug|Any CPU
		{D66AE392-B253-421B-B8C3-F771C7C688CA}.Release|Any CPU.ActiveCfg = Release|Any CPU
		{D66AE392-B253-421B-B8C3-F771C7C688CA}.Release|Any CPU.Build.0 = Release|Any CPU
		{D66AE392-B253-421B-B8C3-F771C7C688CA}.Release|x64.ActiveCfg = Release|Any CPU
		{D66AE392-B253-421B-B8C3-F771C7C688CA}.Release|x64.Build.0 = Release|Any CPU
		{D66AE392-B253-421B-B8C3-F771C7C688CA}.Release|x86.ActiveCfg = Release|Any CPU
		{D66AE392-B253-421B-B8C3-F771C7C688CA}.Release|x86.Build.0 = Release|Any CPU
		{A666476A-D787-40C1-91B8-92AA90C7F76D}.Debug|Any CPU.ActiveCfg = Debug|Any CPU
		{A666476A-D787-40C1-91B8-92AA90C7F76D}.Debug|Any CPU.Build.0 = Debug|Any CPU
		{A666476A-D787-40C1-91B8-92AA90C7F76D}.Debug|x64.ActiveCfg = Debug|Any CPU
		{A666476A-D787-40C1-91B8-92AA90C7F76D}.Debug|x64.Build.0 = Debug|Any CPU
		{A666476A-D787-40C1-91B8-92AA90C7F76D}.Debug|x86.ActiveCfg = Debug|Any CPU
		{A666476A-D787-40C1-91B8-92AA90C7F76D}.Debug|x86.Build.0 = Debug|Any CPU
		{A666476A-D787-40C1-91B8-92AA90C7F76D}.Release|Any CPU.ActiveCfg = Release|Any CPU
		{A666476A-D787-40C1-91B8-92AA90C7F76D}.Release|Any CPU.Build.0 = Release|Any CPU
		{A666476A-D787-40C1-91B8-92AA90C7F76D}.Release|x64.ActiveCfg = Release|Any CPU
		{A666476A-D787-40C1-91B8-92AA90C7F76D}.Release|x64.Build.0 = Release|Any CPU
		{A666476A-D787-40C1-91B8-92AA90C7F76D}.Release|x86.ActiveCfg = Release|Any CPU
		{A666476A-D787-40C1-91B8-92AA90C7F76D}.Release|x86.Build.0 = Release|Any CPU
		{6DE8A118-CDAD-4169-843D-7E6EFDC2EDDF}.Debug|Any CPU.ActiveCfg = Debug|Any CPU
		{6DE8A118-CDAD-4169-843D-7E6EFDC2EDDF}.Debug|Any CPU.Build.0 = Debug|Any CPU
		{6DE8A118-CDAD-4169-843D-7E6EFDC2EDDF}.Debug|x64.ActiveCfg = Debug|Any CPU
		{6DE8A118-CDAD-4169-843D-7E6EFDC2EDDF}.Debug|x64.Build.0 = Debug|Any CPU
		{6DE8A118-CDAD-4169-843D-7E6EFDC2EDDF}.Debug|x86.ActiveCfg = Debug|Any CPU
		{6DE8A118-CDAD-4169-843D-7E6EFDC2EDDF}.Debug|x86.Build.0 = Debug|Any CPU
		{6DE8A118-CDAD-4169-843D-7E6EFDC2EDDF}.Release|Any CPU.ActiveCfg = Release|Any CPU
		{6DE8A118-CDAD-4169-843D-7E6EFDC2EDDF}.Release|Any CPU.Build.0 = Release|Any CPU
		{6DE8A118-CDAD-4169-843D-7E6EFDC2EDDF}.Release|x64.ActiveCfg = Release|Any CPU
		{6DE8A118-CDAD-4169-843D-7E6EFDC2EDDF}.Release|x64.Build.0 = Release|Any CPU
		{6DE8A118-CDAD-4169-843D-7E6EFDC2EDDF}.Release|x86.ActiveCfg = Release|Any CPU
		{6DE8A118-CDAD-4169-843D-7E6EFDC2EDDF}.Release|x86.Build.0 = Release|Any CPU
		{53D1A7F2-9F47-46D7-8EC7-A7A3719A2958}.Debug|Any CPU.ActiveCfg = Debug|Any CPU
		{53D1A7F2-9F47-46D7-8EC7-A7A3719A2958}.Debug|Any CPU.Build.0 = Debug|Any CPU
		{53D1A7F2-9F47-46D7-8EC7-A7A3719A2958}.Debug|x64.ActiveCfg = Debug|Any CPU
		{53D1A7F2-9F47-46D7-8EC7-A7A3719A2958}.Debug|x64.Build.0 = Debug|Any CPU
		{53D1A7F2-9F47-46D7-8EC7-A7A3719A2958}.Debug|x86.ActiveCfg = Debug|Any CPU
		{53D1A7F2-9F47-46D7-8EC7-A7A3719A2958}.Debug|x86.Build.0 = Debug|Any CPU
		{53D1A7F2-9F47-46D7-8EC7-A7A3719A2958}.Release|Any CPU.ActiveCfg = Release|Any CPU
		{53D1A7F2-9F47-46D7-8EC7-A7A3719A2958}.Release|Any CPU.Build.0 = Release|Any CPU
		{53D1A7F2-9F47-46D7-8EC7-A7A3719A2958}.Release|x64.ActiveCfg = Release|Any CPU
		{53D1A7F2-9F47-46D7-8EC7-A7A3719A2958}.Release|x64.Build.0 = Release|Any CPU
		{53D1A7F2-9F47-46D7-8EC7-A7A3719A2958}.Release|x86.ActiveCfg = Release|Any CPU
		{53D1A7F2-9F47-46D7-8EC7-A7A3719A2958}.Release|x86.Build.0 = Release|Any CPU
		{F7B6FDFA-DC28-41F5-AA05-209DF56FEFAD}.Debug|Any CPU.ActiveCfg = Debug|Any CPU
		{F7B6FDFA-DC28-41F5-AA05-209DF56FEFAD}.Debug|Any CPU.Build.0 = Debug|Any CPU
		{F7B6FDFA-DC28-41F5-AA05-209DF56FEFAD}.Debug|x64.ActiveCfg = Debug|Any CPU
		{F7B6FDFA-DC28-41F5-AA05-209DF56FEFAD}.Debug|x64.Build.0 = Debug|Any CPU
		{F7B6FDFA-DC28-41F5-AA05-209DF56FEFAD}.Debug|x86.ActiveCfg = Debug|Any CPU
		{F7B6FDFA-DC28-41F5-AA05-209DF56FEFAD}.Debug|x86.Build.0 = Debug|Any CPU
		{F7B6FDFA-DC28-41F5-AA05-209DF56FEFAD}.Release|Any CPU.ActiveCfg = Release|Any CPU
		{F7B6FDFA-DC28-41F5-AA05-209DF56FEFAD}.Release|Any CPU.Build.0 = Release|Any CPU
		{F7B6FDFA-DC28-41F5-AA05-209DF56FEFAD}.Release|x64.ActiveCfg = Release|Any CPU
		{F7B6FDFA-DC28-41F5-AA05-209DF56FEFAD}.Release|x64.Build.0 = Release|Any CPU
		{F7B6FDFA-DC28-41F5-AA05-209DF56FEFAD}.Release|x86.ActiveCfg = Release|Any CPU
		{F7B6FDFA-DC28-41F5-AA05-209DF56FEFAD}.Release|x86.Build.0 = Release|Any CPU
		{61207025-210C-43B7-8E60-7BFBF60B757B}.Debug|Any CPU.ActiveCfg = Debug|Any CPU
		{61207025-210C-43B7-8E60-7BFBF60B757B}.Debug|Any CPU.Build.0 = Debug|Any CPU
		{61207025-210C-43B7-8E60-7BFBF60B757B}.Debug|x64.ActiveCfg = Debug|Any CPU
		{61207025-210C-43B7-8E60-7BFBF60B757B}.Debug|x64.Build.0 = Debug|Any CPU
		{61207025-210C-43B7-8E60-7BFBF60B757B}.Debug|x86.ActiveCfg = Debug|Any CPU
		{61207025-210C-43B7-8E60-7BFBF60B757B}.Debug|x86.Build.0 = Debug|Any CPU
		{61207025-210C-43B7-8E60-7BFBF60B757B}.Release|Any CPU.ActiveCfg = Release|Any CPU
		{61207025-210C-43B7-8E60-7BFBF60B757B}.Release|Any CPU.Build.0 = Release|Any CPU
		{61207025-210C-43B7-8E60-7BFBF60B757B}.Release|x64.ActiveCfg = Release|Any CPU
		{61207025-210C-43B7-8E60-7BFBF60B757B}.Release|x64.Build.0 = Release|Any CPU
		{61207025-210C-43B7-8E60-7BFBF60B757B}.Release|x86.ActiveCfg = Release|Any CPU
		{61207025-210C-43B7-8E60-7BFBF60B757B}.Release|x86.Build.0 = Release|Any CPU
		{31EDDB4E-FC94-459D-828D-9AE724125844}.Debug|Any CPU.ActiveCfg = Debug|Any CPU
		{31EDDB4E-FC94-459D-828D-9AE724125844}.Debug|Any CPU.Build.0 = Debug|Any CPU
		{31EDDB4E-FC94-459D-828D-9AE724125844}.Debug|x64.ActiveCfg = Debug|Any CPU
		{31EDDB4E-FC94-459D-828D-9AE724125844}.Debug|x64.Build.0 = Debug|Any CPU
		{31EDDB4E-FC94-459D-828D-9AE724125844}.Debug|x86.ActiveCfg = Debug|Any CPU
		{31EDDB4E-FC94-459D-828D-9AE724125844}.Debug|x86.Build.0 = Debug|Any CPU
		{31EDDB4E-FC94-459D-828D-9AE724125844}.Release|Any CPU.ActiveCfg = Release|Any CPU
		{31EDDB4E-FC94-459D-828D-9AE724125844}.Release|Any CPU.Build.0 = Release|Any CPU
		{31EDDB4E-FC94-459D-828D-9AE724125844}.Release|x64.ActiveCfg = Release|Any CPU
		{31EDDB4E-FC94-459D-828D-9AE724125844}.Release|x64.Build.0 = Release|Any CPU
		{31EDDB4E-FC94-459D-828D-9AE724125844}.Release|x86.ActiveCfg = Release|Any CPU
		{31EDDB4E-FC94-459D-828D-9AE724125844}.Release|x86.Build.0 = Release|Any CPU
		{E83329F7-16B0-4FD8-A457-182E45B93F3A}.Debug|Any CPU.ActiveCfg = Debug|Any CPU
		{E83329F7-16B0-4FD8-A457-182E45B93F3A}.Debug|Any CPU.Build.0 = Debug|Any CPU
		{E83329F7-16B0-4FD8-A457-182E45B93F3A}.Debug|x64.ActiveCfg = Debug|Any CPU
		{E83329F7-16B0-4FD8-A457-182E45B93F3A}.Debug|x64.Build.0 = Debug|Any CPU
		{E83329F7-16B0-4FD8-A457-182E45B93F3A}.Debug|x86.ActiveCfg = Debug|Any CPU
		{E83329F7-16B0-4FD8-A457-182E45B93F3A}.Debug|x86.Build.0 = Debug|Any CPU
		{E83329F7-16B0-4FD8-A457-182E45B93F3A}.Release|Any CPU.ActiveCfg = Release|Any CPU
		{E83329F7-16B0-4FD8-A457-182E45B93F3A}.Release|Any CPU.Build.0 = Release|Any CPU
		{E83329F7-16B0-4FD8-A457-182E45B93F3A}.Release|x64.ActiveCfg = Release|Any CPU
		{E83329F7-16B0-4FD8-A457-182E45B93F3A}.Release|x64.Build.0 = Release|Any CPU
		{E83329F7-16B0-4FD8-A457-182E45B93F3A}.Release|x86.ActiveCfg = Release|Any CPU
		{E83329F7-16B0-4FD8-A457-182E45B93F3A}.Release|x86.Build.0 = Release|Any CPU
		{1B04785B-2442-43A7-81FA-7A4B35C18386}.Debug|Any CPU.ActiveCfg = Debug|Any CPU
		{1B04785B-2442-43A7-81FA-7A4B35C18386}.Debug|Any CPU.Build.0 = Debug|Any CPU
		{1B04785B-2442-43A7-81FA-7A4B35C18386}.Debug|x64.ActiveCfg = Debug|Any CPU
		{1B04785B-2442-43A7-81FA-7A4B35C18386}.Debug|x64.Build.0 = Debug|Any CPU
		{1B04785B-2442-43A7-81FA-7A4B35C18386}.Debug|x86.ActiveCfg = Debug|Any CPU
		{1B04785B-2442-43A7-81FA-7A4B35C18386}.Debug|x86.Build.0 = Debug|Any CPU
		{1B04785B-2442-43A7-81FA-7A4B35C18386}.Release|Any CPU.ActiveCfg = Release|Any CPU
		{1B04785B-2442-43A7-81FA-7A4B35C18386}.Release|Any CPU.Build.0 = Release|Any CPU
		{1B04785B-2442-43A7-81FA-7A4B35C18386}.Release|x64.ActiveCfg = Release|Any CPU
		{1B04785B-2442-43A7-81FA-7A4B35C18386}.Release|x64.Build.0 = Release|Any CPU
		{1B04785B-2442-43A7-81FA-7A4B35C18386}.Release|x86.ActiveCfg = Release|Any CPU
		{1B04785B-2442-43A7-81FA-7A4B35C18386}.Release|x86.Build.0 = Release|Any CPU
		{E3062F28-6C9A-4354-94F8-A7DB8E033AB2}.Debug|Any CPU.ActiveCfg = Debug|Any CPU
		{E3062F28-6C9A-4354-94F8-A7DB8E033AB2}.Debug|Any CPU.Build.0 = Debug|Any CPU
		{E3062F28-6C9A-4354-94F8-A7DB8E033AB2}.Debug|x64.ActiveCfg = Debug|Any CPU
		{E3062F28-6C9A-4354-94F8-A7DB8E033AB2}.Debug|x64.Build.0 = Debug|Any CPU
		{E3062F28-6C9A-4354-94F8-A7DB8E033AB2}.Debug|x86.ActiveCfg = Debug|Any CPU
		{E3062F28-6C9A-4354-94F8-A7DB8E033AB2}.Debug|x86.Build.0 = Debug|Any CPU
		{E3062F28-6C9A-4354-94F8-A7DB8E033AB2}.Release|Any CPU.ActiveCfg = Release|Any CPU
		{E3062F28-6C9A-4354-94F8-A7DB8E033AB2}.Release|Any CPU.Build.0 = Release|Any CPU
		{E3062F28-6C9A-4354-94F8-A7DB8E033AB2}.Release|x64.ActiveCfg = Release|Any CPU
		{E3062F28-6C9A-4354-94F8-A7DB8E033AB2}.Release|x64.Build.0 = Release|Any CPU
		{E3062F28-6C9A-4354-94F8-A7DB8E033AB2}.Release|x86.ActiveCfg = Release|Any CPU
		{E3062F28-6C9A-4354-94F8-A7DB8E033AB2}.Release|x86.Build.0 = Release|Any CPU
		{A9E7D07B-1324-4391-8A79-F5EBBCEE5411}.Debug|Any CPU.ActiveCfg = Debug|Any CPU
		{A9E7D07B-1324-4391-8A79-F5EBBCEE5411}.Debug|Any CPU.Build.0 = Debug|Any CPU
		{A9E7D07B-1324-4391-8A79-F5EBBCEE5411}.Debug|x64.ActiveCfg = Debug|Any CPU
		{A9E7D07B-1324-4391-8A79-F5EBBCEE5411}.Debug|x64.Build.0 = Debug|Any CPU
		{A9E7D07B-1324-4391-8A79-F5EBBCEE5411}.Debug|x86.ActiveCfg = Debug|Any CPU
		{A9E7D07B-1324-4391-8A79-F5EBBCEE5411}.Debug|x86.Build.0 = Debug|Any CPU
		{A9E7D07B-1324-4391-8A79-F5EBBCEE5411}.Release|Any CPU.ActiveCfg = Release|Any CPU
		{A9E7D07B-1324-4391-8A79-F5EBBCEE5411}.Release|Any CPU.Build.0 = Release|Any CPU
		{A9E7D07B-1324-4391-8A79-F5EBBCEE5411}.Release|x64.ActiveCfg = Release|Any CPU
		{A9E7D07B-1324-4391-8A79-F5EBBCEE5411}.Release|x64.Build.0 = Release|Any CPU
		{A9E7D07B-1324-4391-8A79-F5EBBCEE5411}.Release|x86.ActiveCfg = Release|Any CPU
		{A9E7D07B-1324-4391-8A79-F5EBBCEE5411}.Release|x86.Build.0 = Release|Any CPU
		{70E1944C-B6EC-4E35-92A7-499C209B0B73}.Debug|Any CPU.ActiveCfg = Debug|Any CPU
		{70E1944C-B6EC-4E35-92A7-499C209B0B73}.Debug|Any CPU.Build.0 = Debug|Any CPU
		{70E1944C-B6EC-4E35-92A7-499C209B0B73}.Debug|x64.ActiveCfg = Debug|Any CPU
		{70E1944C-B6EC-4E35-92A7-499C209B0B73}.Debug|x64.Build.0 = Debug|Any CPU
		{70E1944C-B6EC-4E35-92A7-499C209B0B73}.Debug|x86.ActiveCfg = Debug|Any CPU
		{70E1944C-B6EC-4E35-92A7-499C209B0B73}.Debug|x86.Build.0 = Debug|Any CPU
		{70E1944C-B6EC-4E35-92A7-499C209B0B73}.Release|Any CPU.ActiveCfg = Release|Any CPU
		{70E1944C-B6EC-4E35-92A7-499C209B0B73}.Release|Any CPU.Build.0 = Release|Any CPU
		{70E1944C-B6EC-4E35-92A7-499C209B0B73}.Release|x64.ActiveCfg = Release|Any CPU
		{70E1944C-B6EC-4E35-92A7-499C209B0B73}.Release|x64.Build.0 = Release|Any CPU
		{70E1944C-B6EC-4E35-92A7-499C209B0B73}.Release|x86.ActiveCfg = Release|Any CPU
		{70E1944C-B6EC-4E35-92A7-499C209B0B73}.Release|x86.Build.0 = Release|Any CPU
		{B4DCBA23-89CB-4C0D-8308-28AF72BE45DB}.Debug|Any CPU.ActiveCfg = Debug|Any CPU
		{B4DCBA23-89CB-4C0D-8308-28AF72BE45DB}.Debug|Any CPU.Build.0 = Debug|Any CPU
		{B4DCBA23-89CB-4C0D-8308-28AF72BE45DB}.Debug|x64.ActiveCfg = Debug|Any CPU
		{B4DCBA23-89CB-4C0D-8308-28AF72BE45DB}.Debug|x64.Build.0 = Debug|Any CPU
		{B4DCBA23-89CB-4C0D-8308-28AF72BE45DB}.Debug|x86.ActiveCfg = Debug|Any CPU
		{B4DCBA23-89CB-4C0D-8308-28AF72BE45DB}.Debug|x86.Build.0 = Debug|Any CPU
		{B4DCBA23-89CB-4C0D-8308-28AF72BE45DB}.Release|Any CPU.ActiveCfg = Release|Any CPU
		{B4DCBA23-89CB-4C0D-8308-28AF72BE45DB}.Release|Any CPU.Build.0 = Release|Any CPU
		{B4DCBA23-89CB-4C0D-8308-28AF72BE45DB}.Release|x64.ActiveCfg = Release|Any CPU
		{B4DCBA23-89CB-4C0D-8308-28AF72BE45DB}.Release|x64.Build.0 = Release|Any CPU
		{B4DCBA23-89CB-4C0D-8308-28AF72BE45DB}.Release|x86.ActiveCfg = Release|Any CPU
		{B4DCBA23-89CB-4C0D-8308-28AF72BE45DB}.Release|x86.Build.0 = Release|Any CPU
		{E99D109A-1353-487E-909E-B60007A5F8F9}.Debug|Any CPU.ActiveCfg = Debug|Any CPU
		{E99D109A-1353-487E-909E-B60007A5F8F9}.Debug|Any CPU.Build.0 = Debug|Any CPU
		{E99D109A-1353-487E-909E-B60007A5F8F9}.Debug|x64.ActiveCfg = Debug|Any CPU
		{E99D109A-1353-487E-909E-B60007A5F8F9}.Debug|x64.Build.0 = Debug|Any CPU
		{E99D109A-1353-487E-909E-B60007A5F8F9}.Debug|x86.ActiveCfg = Debug|Any CPU
		{E99D109A-1353-487E-909E-B60007A5F8F9}.Debug|x86.Build.0 = Debug|Any CPU
		{E99D109A-1353-487E-909E-B60007A5F8F9}.Release|Any CPU.ActiveCfg = Release|Any CPU
		{E99D109A-1353-487E-909E-B60007A5F8F9}.Release|Any CPU.Build.0 = Release|Any CPU
		{E99D109A-1353-487E-909E-B60007A5F8F9}.Release|x64.ActiveCfg = Release|Any CPU
		{E99D109A-1353-487E-909E-B60007A5F8F9}.Release|x64.Build.0 = Release|Any CPU
		{E99D109A-1353-487E-909E-B60007A5F8F9}.Release|x86.ActiveCfg = Release|Any CPU
		{E99D109A-1353-487E-909E-B60007A5F8F9}.Release|x86.Build.0 = Release|Any CPU
		{8BD95127-4ABF-4F21-8988-AEDE64541E0B}.Debug|Any CPU.ActiveCfg = Debug|Any CPU
		{8BD95127-4ABF-4F21-8988-AEDE64541E0B}.Debug|Any CPU.Build.0 = Debug|Any CPU
		{8BD95127-4ABF-4F21-8988-AEDE64541E0B}.Debug|x64.ActiveCfg = Debug|Any CPU
		{8BD95127-4ABF-4F21-8988-AEDE64541E0B}.Debug|x64.Build.0 = Debug|Any CPU
		{8BD95127-4ABF-4F21-8988-AEDE64541E0B}.Debug|x86.ActiveCfg = Debug|Any CPU
		{8BD95127-4ABF-4F21-8988-AEDE64541E0B}.Debug|x86.Build.0 = Debug|Any CPU
		{8BD95127-4ABF-4F21-8988-AEDE64541E0B}.Release|Any CPU.ActiveCfg = Release|Any CPU
		{8BD95127-4ABF-4F21-8988-AEDE64541E0B}.Release|Any CPU.Build.0 = Release|Any CPU
		{8BD95127-4ABF-4F21-8988-AEDE64541E0B}.Release|x64.ActiveCfg = Release|Any CPU
		{8BD95127-4ABF-4F21-8988-AEDE64541E0B}.Release|x64.Build.0 = Release|Any CPU
		{8BD95127-4ABF-4F21-8988-AEDE64541E0B}.Release|x86.ActiveCfg = Release|Any CPU
		{8BD95127-4ABF-4F21-8988-AEDE64541E0B}.Release|x86.Build.0 = Release|Any CPU
		{B7731044-08D4-41F0-80ED-0600FEB8CD32}.Debug|Any CPU.ActiveCfg = Debug|Any CPU
		{B7731044-08D4-41F0-80ED-0600FEB8CD32}.Debug|Any CPU.Build.0 = Debug|Any CPU
		{B7731044-08D4-41F0-80ED-0600FEB8CD32}.Debug|x64.ActiveCfg = Debug|Any CPU
		{B7731044-08D4-41F0-80ED-0600FEB8CD32}.Debug|x64.Build.0 = Debug|Any CPU
		{B7731044-08D4-41F0-80ED-0600FEB8CD32}.Debug|x86.ActiveCfg = Debug|Any CPU
		{B7731044-08D4-41F0-80ED-0600FEB8CD32}.Debug|x86.Build.0 = Debug|Any CPU
		{B7731044-08D4-41F0-80ED-0600FEB8CD32}.Release|Any CPU.ActiveCfg = Release|Any CPU
		{B7731044-08D4-41F0-80ED-0600FEB8CD32}.Release|Any CPU.Build.0 = Release|Any CPU
		{B7731044-08D4-41F0-80ED-0600FEB8CD32}.Release|x64.ActiveCfg = Release|Any CPU
		{B7731044-08D4-41F0-80ED-0600FEB8CD32}.Release|x64.Build.0 = Release|Any CPU
		{B7731044-08D4-41F0-80ED-0600FEB8CD32}.Release|x86.ActiveCfg = Release|Any CPU
		{B7731044-08D4-41F0-80ED-0600FEB8CD32}.Release|x86.Build.0 = Release|Any CPU
		{15FB0C2A-1F92-437B-904C-3FB8ADC17E86}.Debug|Any CPU.ActiveCfg = Debug|Any CPU
		{15FB0C2A-1F92-437B-904C-3FB8ADC17E86}.Debug|Any CPU.Build.0 = Debug|Any CPU
		{15FB0C2A-1F92-437B-904C-3FB8ADC17E86}.Debug|x64.ActiveCfg = Debug|Any CPU
		{15FB0C2A-1F92-437B-904C-3FB8ADC17E86}.Debug|x64.Build.0 = Debug|Any CPU
		{15FB0C2A-1F92-437B-904C-3FB8ADC17E86}.Debug|x86.ActiveCfg = Debug|Any CPU
		{15FB0C2A-1F92-437B-904C-3FB8ADC17E86}.Debug|x86.Build.0 = Debug|Any CPU
		{15FB0C2A-1F92-437B-904C-3FB8ADC17E86}.Release|Any CPU.ActiveCfg = Release|Any CPU
		{15FB0C2A-1F92-437B-904C-3FB8ADC17E86}.Release|Any CPU.Build.0 = Release|Any CPU
		{15FB0C2A-1F92-437B-904C-3FB8ADC17E86}.Release|x64.ActiveCfg = Release|Any CPU
		{15FB0C2A-1F92-437B-904C-3FB8ADC17E86}.Release|x64.Build.0 = Release|Any CPU
		{15FB0C2A-1F92-437B-904C-3FB8ADC17E86}.Release|x86.ActiveCfg = Release|Any CPU
		{15FB0C2A-1F92-437B-904C-3FB8ADC17E86}.Release|x86.Build.0 = Release|Any CPU
		{E71DAAAC-E04D-46ED-BC63-B0BC765DDAC9}.Debug|Any CPU.ActiveCfg = Debug|Any CPU
		{E71DAAAC-E04D-46ED-BC63-B0BC765DDAC9}.Debug|Any CPU.Build.0 = Debug|Any CPU
		{E71DAAAC-E04D-46ED-BC63-B0BC765DDAC9}.Debug|x64.ActiveCfg = Debug|Any CPU
		{E71DAAAC-E04D-46ED-BC63-B0BC765DDAC9}.Debug|x64.Build.0 = Debug|Any CPU
		{E71DAAAC-E04D-46ED-BC63-B0BC765DDAC9}.Debug|x86.ActiveCfg = Debug|Any CPU
		{E71DAAAC-E04D-46ED-BC63-B0BC765DDAC9}.Debug|x86.Build.0 = Debug|Any CPU
		{E71DAAAC-E04D-46ED-BC63-B0BC765DDAC9}.Release|Any CPU.ActiveCfg = Release|Any CPU
		{E71DAAAC-E04D-46ED-BC63-B0BC765DDAC9}.Release|Any CPU.Build.0 = Release|Any CPU
		{E71DAAAC-E04D-46ED-BC63-B0BC765DDAC9}.Release|x64.ActiveCfg = Release|Any CPU
		{E71DAAAC-E04D-46ED-BC63-B0BC765DDAC9}.Release|x64.Build.0 = Release|Any CPU
		{E71DAAAC-E04D-46ED-BC63-B0BC765DDAC9}.Release|x86.ActiveCfg = Release|Any CPU
		{E71DAAAC-E04D-46ED-BC63-B0BC765DDAC9}.Release|x86.Build.0 = Release|Any CPU
		{4D4D0431-83A2-42E3-918D-D201BD4A606B}.Debug|Any CPU.ActiveCfg = Debug|Any CPU
		{4D4D0431-83A2-42E3-918D-D201BD4A606B}.Debug|Any CPU.Build.0 = Debug|Any CPU
		{4D4D0431-83A2-42E3-918D-D201BD4A606B}.Debug|x64.ActiveCfg = Debug|Any CPU
		{4D4D0431-83A2-42E3-918D-D201BD4A606B}.Debug|x64.Build.0 = Debug|Any CPU
		{4D4D0431-83A2-42E3-918D-D201BD4A606B}.Debug|x86.ActiveCfg = Debug|Any CPU
		{4D4D0431-83A2-42E3-918D-D201BD4A606B}.Debug|x86.Build.0 = Debug|Any CPU
		{4D4D0431-83A2-42E3-918D-D201BD4A606B}.Release|Any CPU.ActiveCfg = Release|Any CPU
		{4D4D0431-83A2-42E3-918D-D201BD4A606B}.Release|Any CPU.Build.0 = Release|Any CPU
		{4D4D0431-83A2-42E3-918D-D201BD4A606B}.Release|x64.ActiveCfg = Release|Any CPU
		{4D4D0431-83A2-42E3-918D-D201BD4A606B}.Release|x64.Build.0 = Release|Any CPU
		{4D4D0431-83A2-42E3-918D-D201BD4A606B}.Release|x86.ActiveCfg = Release|Any CPU
		{4D4D0431-83A2-42E3-918D-D201BD4A606B}.Release|x86.Build.0 = Release|Any CPU
		{09A8A492-744C-40F4-A524-886366301AB1}.Debug|Any CPU.ActiveCfg = Debug|Any CPU
		{09A8A492-744C-40F4-A524-886366301AB1}.Debug|Any CPU.Build.0 = Debug|Any CPU
		{09A8A492-744C-40F4-A524-886366301AB1}.Debug|x64.ActiveCfg = Debug|Any CPU
		{09A8A492-744C-40F4-A524-886366301AB1}.Debug|x64.Build.0 = Debug|Any CPU
		{09A8A492-744C-40F4-A524-886366301AB1}.Debug|x86.ActiveCfg = Debug|Any CPU
		{09A8A492-744C-40F4-A524-886366301AB1}.Debug|x86.Build.0 = Debug|Any CPU
		{09A8A492-744C-40F4-A524-886366301AB1}.Release|Any CPU.ActiveCfg = Release|Any CPU
		{09A8A492-744C-40F4-A524-886366301AB1}.Release|Any CPU.Build.0 = Release|Any CPU
		{09A8A492-744C-40F4-A524-886366301AB1}.Release|x64.ActiveCfg = Release|Any CPU
		{09A8A492-744C-40F4-A524-886366301AB1}.Release|x64.Build.0 = Release|Any CPU
		{09A8A492-744C-40F4-A524-886366301AB1}.Release|x86.ActiveCfg = Release|Any CPU
		{09A8A492-744C-40F4-A524-886366301AB1}.Release|x86.Build.0 = Release|Any CPU
		{06454E9B-0294-4997-A2B1-7EF930703E00}.Debug|Any CPU.ActiveCfg = Debug|Any CPU
		{06454E9B-0294-4997-A2B1-7EF930703E00}.Debug|Any CPU.Build.0 = Debug|Any CPU
		{06454E9B-0294-4997-A2B1-7EF930703E00}.Debug|x64.ActiveCfg = Debug|Any CPU
		{06454E9B-0294-4997-A2B1-7EF930703E00}.Debug|x64.Build.0 = Debug|Any CPU
		{06454E9B-0294-4997-A2B1-7EF930703E00}.Debug|x86.ActiveCfg = Debug|Any CPU
		{06454E9B-0294-4997-A2B1-7EF930703E00}.Debug|x86.Build.0 = Debug|Any CPU
		{06454E9B-0294-4997-A2B1-7EF930703E00}.Release|Any CPU.ActiveCfg = Release|Any CPU
		{06454E9B-0294-4997-A2B1-7EF930703E00}.Release|Any CPU.Build.0 = Release|Any CPU
		{06454E9B-0294-4997-A2B1-7EF930703E00}.Release|x64.ActiveCfg = Release|Any CPU
		{06454E9B-0294-4997-A2B1-7EF930703E00}.Release|x64.Build.0 = Release|Any CPU
		{06454E9B-0294-4997-A2B1-7EF930703E00}.Release|x86.ActiveCfg = Release|Any CPU
		{06454E9B-0294-4997-A2B1-7EF930703E00}.Release|x86.Build.0 = Release|Any CPU
	EndGlobalSection
	GlobalSection(SolutionProperties) = preSolution
		HideSolutionNode = FALSE
	EndGlobalSection
	GlobalSection(NestedProjects) = preSolution
		{F7B6FDFA-DC28-41F5-AA05-209DF56FEFAD} = {C21B3820-AA80-9384-7530-3685925F5E02}
		{61207025-210C-43B7-8E60-7BFBF60B757B} = {C21B3820-AA80-9384-7530-3685925F5E02}
		{31EDDB4E-FC94-459D-828D-9AE724125844} = {C21B3820-AA80-9384-7530-3685925F5E02}
		{1B04785B-2442-43A7-81FA-7A4B35C18386} = {03B359A2-2D98-D475-7F48-B168CEE51930}
		{E3062F28-6C9A-4354-94F8-A7DB8E033AB2} = {03B359A2-2D98-D475-7F48-B168CEE51930}
		{70E1944C-B6EC-4E35-92A7-499C209B0B73} = {D1D2A9C0-4ED0-D86F-03BC-E6A25DF68AE3}
		{B4DCBA23-89CB-4C0D-8308-28AF72BE45DB} = {D1D2A9C0-4ED0-D86F-03BC-E6A25DF68AE3}
		{15FB0C2A-1F92-437B-904C-3FB8ADC17E86} = {5F6FA6BC-E215-0561-E7F7-C5D9EBD86120}
		{E71DAAAC-E04D-46ED-BC63-B0BC765DDAC9} = {5F6FA6BC-E215-0561-E7F7-C5D9EBD86120}
		{4D4D0431-83A2-42E3-918D-D201BD4A606B} = {5F6FA6BC-E215-0561-E7F7-C5D9EBD86120}
		{09A8A492-744C-40F4-A524-886366301AB1} = {C40A6094-6B4D-9974-D97C-496D3C35152A}
		{06454E9B-0294-4997-A2B1-7EF930703E00} = {C40A6094-6B4D-9974-D97C-496D3C35152A}
	EndGlobalSection
EndGlobal
