Microsoft Visual Studio Solution File, Format Version 12.00
# Visual Studio Version 16
VisualStudioVersion = 16.0.0.0
MinimumVisualStudioVersion = 16.0.0.0
Project("{9A19103F-16F7-4668-BE54-9A1E7A4F7556}") = "BlazorTarefas", "BlazorTarefas\BlazorTarefas.csproj", "{601393D0-F77E-4F3C-976B-9C2CA647CBB1}"
EndProject
Project("{9A19103F-16F7-4668-BE54-9A1E7A4F7556}") = "BlazorTarefas.Client", "BlazorTarefas.Client\BlazorTarefas.Client.csproj", "{320E54FB-9C3D-4494-8B39-552853063425}"
EndProject
Project("{FAE04EC0-301F-11D3-BF4B-00C04F79EFBC}") = "BlazorTarefas.Shared", "BlazorTarefas.Shared\BlazorTarefas.Shared.csproj", "{84F684AA-2340-4AD8-B15D-08D5962C845E}"
EndProject
Global
	GlobalSection(SolutionConfigurationPlatforms) = preSolution
		Debug|Any CPU = Debug|Any CPU
		Debug|x64 = Debug|x64
		Debug|x86 = Debug|x86
		Release|Any CPU = Release|Any CPU
		Release|x64 = Release|x64
		Release|x86 = Release|x86
	EndGlobalSection
	GlobalSection(ProjectConfigurationPlatforms) = postSolution
		{320E54FB-9C3D-4494-8B39-552853063425}.Debug|Any CPU.ActiveCfg = Debug|Any CPU
		{320E54FB-9C3D-4494-8B39-552853063425}.Debug|Any CPU.Build.0 = Debug|Any CPU
		{320E54FB-9C3D-4494-8B39-552853063425}.Debug|x64.ActiveCfg = Debug|Any CPU
		{320E54FB-9C3D-4494-8B39-552853063425}.Debug|x64.Build.0 = Debug|Any CPU
		{320E54FB-9C3D-4494-8B39-552853063425}.Debug|x86.ActiveCfg = Debug|Any CPU
		{320E54FB-9C3D-4494-8B39-552853063425}.Debug|x86.Build.0 = Debug|Any CPU
		{320E54FB-9C3D-4494-8B39-552853063425}.Release|Any CPU.ActiveCfg = Release|Any CPU
		{320E54FB-9C3D-4494-8B39-552853063425}.Release|Any CPU.Build.0 = Release|Any CPU
		{320E54FB-9C3D-4494-8B39-552853063425}.Release|x64.ActiveCfg = Release|Any CPU
		{320E54FB-9C3D-4494-8B39-552853063425}.Release|x64.Build.0 = Release|Any CPU
		{320E54FB-9C3D-4494-8B39-552853063425}.Release|x86.ActiveCfg = Release|Any CPU
		{320E54FB-9C3D-4494-8B39-552853063425}.Release|x86.Build.0 = Release|Any CPU
		{601393D0-F77E-4F3C-976B-9C2CA647CBB1}.Debug|Any CPU.ActiveCfg = Debug|Any CPU
		{601393D0-F77E-4F3C-976B-9C2CA647CBB1}.Debug|Any CPU.Build.0 = Debug|Any CPU
		{601393D0-F77E-4F3C-976B-9C2CA647CBB1}.Debug|x64.ActiveCfg = Debug|Any CPU
		{601393D0-F77E-4F3C-976B-9C2CA647CBB1}.Debug|x64.Build.0 = Debug|Any CPU
		{601393D0-F77E-4F3C-976B-9C2CA647CBB1}.Debug|x86.ActiveCfg = Debug|Any CPU
		{601393D0-F77E-4F3C-976B-9C2CA647CBB1}.Debug|x86.Build.0 = Debug|Any CPU
		{601393D0-F77E-4F3C-976B-9C2CA647CBB1}.Release|Any CPU.ActiveCfg = Release|Any CPU
		{601393D0-F77E-4F3C-976B-9C2CA647CBB1}.Release|Any CPU.Build.0 = Release|Any CPU
		{601393D0-F77E-4F3C-976B-9C2CA647CBB1}.Release|x64.ActiveCfg = Release|Any CPU
		{601393D0-F77E-4F3C-976B-9C2CA647CBB1}.Release|x64.Build.0 = Release|Any CPU
		{601393D0-F77E-4F3C-976B-9C2CA647CBB1}.Release|x86.ActiveCfg = Release|Any CPU
		{601393D0-F77E-4F3C-976B-9C2CA647CBB1}.Release|x86.Build.0 = Release|Any CPU
		{84F684AA-2340-4AD8-B15D-08D5962C845E}.Debug|Any CPU.ActiveCfg = Debug|Any CPU
		{84F684AA-2340-4AD8-B15D-08D5962C845E}.Debug|Any CPU.Build.0 = Debug|Any CPU
		{84F684AA-2340-4AD8-B15D-08D5962C845E}.Debug|x64.ActiveCfg = Debug|Any CPU
		{84F684AA-2340-4AD8-B15D-08D5962C845E}.Debug|x64.Build.0 = Debug|Any CPU
		{84F684AA-2340-4AD8-B15D-08D5962C845E}.Debug|x86.ActiveCfg = Debug|Any CPU
		{84F684AA-2340-4AD8-B15D-08D5962C845E}.Debug|x86.Build.0 = Debug|Any CPU
		{84F684AA-2340-4AD8-B15D-08D5962C845E}.Release|Any CPU.ActiveCfg = Release|Any CPU
		{84F684AA-2340-4AD8-B15D-08D5962C845E}.Release|Any CPU.Build.0 = Release|Any CPU
		{84F684AA-2340-4AD8-B15D-08D5962C845E}.Release|x64.ActiveCfg = Release|Any CPU
		{84F684AA-2340-4AD8-B15D-08D5962C845E}.Release|x64.Build.0 = Release|Any CPU
		{84F684AA-2340-4AD8-B15D-08D5962C845E}.Release|x86.ActiveCfg = Release|Any CPU
		{84F684AA-2340-4AD8-B15D-08D5962C845E}.Release|x86.Build.0 = Release|Any CPU
	EndGlobalSection
	GlobalSection(SolutionProperties) = preSolution
		HideSolutionNode = FALSE
	EndGlobalSection
	GlobalSection(ExtensibilityGlobals) = postSolution
		SolutionGuid = {BA2FB600-B90F-4FAA-BD2A-A8DE8CF80519}
	EndGlobalSection
EndGlobal
