
Microsoft Visual Studio Solution File, Format Version 12.00
# Visual Studio Version 17
VisualStudioVersion = 17.0.31903.59
MinimumVisualStudioVersion = 10.0.40219.1
Project("{2150E333-8FDC-42A3-9474-1A3956D46DE8}") = "src", "src", "{827E0CD3-B72D-47B6-A68D-7590B98EB39B}"
EndProject
Project("{FAE04EC0-301F-11D3-BF4B-00C04F79EFBC}") = "my-blazor-app-default", "src\my-blazor-app-default\my-blazor-app-default.csproj", "{775B2305-6656-40B5-A80C-21E36CCC42E1}"
EndProject
Project("{2150E333-8FDC-42A3-9474-1A3956D46DE8}") = "test", "test", "{0C88DD14-F956-CE84-757C-A364CCF449FC}"
EndProject
Project("{FAE04EC0-301F-11D3-BF4B-00C04F79EFBC}") = "my-blazor-app-default.unit-tests", "test\my-blazor-app-default.unit-tests\my-blazor-app-default.unit-tests.csproj", "{E6E2457F-4076-4E31-AA7C-154839FDB6EC}"
EndProject
Project("{FAE04EC0-301F-11D3-BF4B-00C04F79EFBC}") = "my-blazor-app-server", "src\my-blazor-app-server\my-blazor-app-server.csproj", "{EFFB34CE-6818-490D-BFFB-900E04703EF8}"
EndProject
Project("{FAE04EC0-301F-11D3-BF4B-00C04F79EFBC}") = "my-blazor-app-server.unit-tests", "test\my-blazor-app-server.unit-tests\my-blazor-app-server.unit-tests.csproj", "{C6D3ED37-4EE6-4CF2-B302-D4AB892AD28C}"
EndProject
Project("{2150E333-8FDC-42A3-9474-1A3956D46DE8}") = "my-blazor-app-webassembly", "my-blazor-app-webassembly", "{CF411D60-7DB2-DC37-C65C-A801AC78F899}"
EndProject
Project("{FAE04EC0-301F-11D3-BF4B-00C04F79EFBC}") = "my-blazor-app-webassembly", "src\my-blazor-app-webassembly\my-blazor-app-webassembly\my-blazor-app-webassembly.csproj", "{A7572FF7-C2D7-492C-B5B4-1025CF601750}"
EndProject
Project("{FAE04EC0-301F-11D3-BF4B-00C04F79EFBC}") = "my-blazor-app-webassembly.Client", "src\my-blazor-app-webassembly\my-blazor-app-webassembly.Client\my-blazor-app-webassembly.Client.csproj", "{E62DA591-1A04-4189-856F-6D9987B51CB0}"
EndProject
Project("{2150E333-8FDC-42A3-9474-1A3956D46DE8}") = "my-blazor-app-auto", "my-blazor-app-auto", "{E147993B-44E9-E682-C459-CCD5EB38EFB8}"
EndProject
Project("{FAE04EC0-301F-11D3-BF4B-00C04F79EFBC}") = "my-blazor-app-auto", "src\my-blazor-app-auto\my-blazor-app-auto\my-blazor-app-auto.csproj", "{23EBEAE4-9E4D-41E9-B948-49AD0FA1A37B}"
EndProject
Project("{FAE04EC0-301F-11D3-BF4B-00C04F79EFBC}") = "my-blazor-app-auto.Client", "src\my-blazor-app-auto\my-blazor-app-auto.Client\my-blazor-app-auto.Client.csproj", "{AC35AF1C-E645-41F9-84B9-372EF9D8BF80}"
EndProject
Project("{2150E333-8FDC-42A3-9474-1A3956D46DE8}") = "BlazorTarefas", "BlazorTarefas", "{C235EAF9-E2E8-05BF-1161-39018F353CB3}"
EndProject
Project("{FAE04EC0-301F-11D3-BF4B-00C04F79EFBC}") = "BlazorTarefas", "src\BlazorTarefas\BlazorTarefas\BlazorTarefas.csproj", "{9A24F100-1BEF-4128-A54F-02E688F77C6C}"
EndProject
Project("{FAE04EC0-301F-11D3-BF4B-00C04F79EFBC}") = "BlazorTarefas.Client", "src\BlazorTarefas\BlazorTarefas.Client\BlazorTarefas.Client.csproj", "{76D79231-5A49-468D-96CA-9C1BA2C34986}"
EndProject
Global
	GlobalSection(SolutionConfigurationPlatforms) = preSolution
		Debug|Any CPU = Debug|Any CPU
		Debug|x64 = Debug|x64
		Debug|x86 = Debug|x86
		Release|Any CPU = Release|Any CPU
		Release|x64 = Release|x64
		Release|x86 = Release|x86
	EndGlobalSection
	GlobalSection(ProjectConfigurationPlatforms) = postSolution
		{775B2305-6656-40B5-A80C-21E36CCC42E1}.Debug|Any CPU.ActiveCfg = Debug|Any CPU
		{775B2305-6656-40B5-A80C-21E36CCC42E1}.Debug|Any CPU.Build.0 = Debug|Any CPU
		{775B2305-6656-40B5-A80C-21E36CCC42E1}.Debug|x64.ActiveCfg = Debug|Any CPU
		{775B2305-6656-40B5-A80C-21E36CCC42E1}.Debug|x64.Build.0 = Debug|Any CPU
		{775B2305-6656-40B5-A80C-21E36CCC42E1}.Debug|x86.ActiveCfg = Debug|Any CPU
		{775B2305-6656-40B5-A80C-21E36CCC42E1}.Debug|x86.Build.0 = Debug|Any CPU
		{775B2305-6656-40B5-A80C-21E36CCC42E1}.Release|Any CPU.ActiveCfg = Release|Any CPU
		{775B2305-6656-40B5-A80C-21E36CCC42E1}.Release|Any CPU.Build.0 = Release|Any CPU
		{775B2305-6656-40B5-A80C-21E36CCC42E1}.Release|x64.ActiveCfg = Release|Any CPU
		{775B2305-6656-40B5-A80C-21E36CCC42E1}.Release|x64.Build.0 = Release|Any CPU
		{775B2305-6656-40B5-A80C-21E36CCC42E1}.Release|x86.ActiveCfg = Release|Any CPU
		{775B2305-6656-40B5-A80C-21E36CCC42E1}.Release|x86.Build.0 = Release|Any CPU
		{E6E2457F-4076-4E31-AA7C-154839FDB6EC}.Debug|Any CPU.ActiveCfg = Debug|Any CPU
		{E6E2457F-4076-4E31-AA7C-154839FDB6EC}.Debug|Any CPU.Build.0 = Debug|Any CPU
		{E6E2457F-4076-4E31-AA7C-154839FDB6EC}.Debug|x64.ActiveCfg = Debug|Any CPU
		{E6E2457F-4076-4E31-AA7C-154839FDB6EC}.Debug|x64.Build.0 = Debug|Any CPU
		{E6E2457F-4076-4E31-AA7C-154839FDB6EC}.Debug|x86.ActiveCfg = Debug|Any CPU
		{E6E2457F-4076-4E31-AA7C-154839FDB6EC}.Debug|x86.Build.0 = Debug|Any CPU
		{E6E2457F-4076-4E31-AA7C-154839FDB6EC}.Release|Any CPU.ActiveCfg = Release|Any CPU
		{E6E2457F-4076-4E31-AA7C-154839FDB6EC}.Release|Any CPU.Build.0 = Release|Any CPU
		{E6E2457F-4076-4E31-AA7C-154839FDB6EC}.Release|x64.ActiveCfg = Release|Any CPU
		{E6E2457F-4076-4E31-AA7C-154839FDB6EC}.Release|x64.Build.0 = Release|Any CPU
		{E6E2457F-4076-4E31-AA7C-154839FDB6EC}.Release|x86.ActiveCfg = Release|Any CPU
		{E6E2457F-4076-4E31-AA7C-154839FDB6EC}.Release|x86.Build.0 = Release|Any CPU
		{EFFB34CE-6818-490D-BFFB-900E04703EF8}.Debug|Any CPU.ActiveCfg = Debug|Any CPU
		{EFFB34CE-6818-490D-BFFB-900E04703EF8}.Debug|Any CPU.Build.0 = Debug|Any CPU
		{EFFB34CE-6818-490D-BFFB-900E04703EF8}.Debug|x64.ActiveCfg = Debug|Any CPU
		{EFFB34CE-6818-490D-BFFB-900E04703EF8}.Debug|x64.Build.0 = Debug|Any CPU
		{EFFB34CE-6818-490D-BFFB-900E04703EF8}.Debug|x86.ActiveCfg = Debug|Any CPU
		{EFFB34CE-6818-490D-BFFB-900E04703EF8}.Debug|x86.Build.0 = Debug|Any CPU
		{EFFB34CE-6818-490D-BFFB-900E04703EF8}.Release|Any CPU.ActiveCfg = Release|Any CPU
		{EFFB34CE-6818-490D-BFFB-900E04703EF8}.Release|Any CPU.Build.0 = Release|Any CPU
		{EFFB34CE-6818-490D-BFFB-900E04703EF8}.Release|x64.ActiveCfg = Release|Any CPU
		{EFFB34CE-6818-490D-BFFB-900E04703EF8}.Release|x64.Build.0 = Release|Any CPU
		{EFFB34CE-6818-490D-BFFB-900E04703EF8}.Release|x86.ActiveCfg = Release|Any CPU
		{EFFB34CE-6818-490D-BFFB-900E04703EF8}.Release|x86.Build.0 = Release|Any CPU
		{C6D3ED37-4EE6-4CF2-B302-D4AB892AD28C}.Debug|Any CPU.ActiveCfg = Debug|Any CPU
		{C6D3ED37-4EE6-4CF2-B302-D4AB892AD28C}.Debug|Any CPU.Build.0 = Debug|Any CPU
		{C6D3ED37-4EE6-4CF2-B302-D4AB892AD28C}.Debug|x64.ActiveCfg = Debug|Any CPU
		{C6D3ED37-4EE6-4CF2-B302-D4AB892AD28C}.Debug|x64.Build.0 = Debug|Any CPU
		{C6D3ED37-4EE6-4CF2-B302-D4AB892AD28C}.Debug|x86.ActiveCfg = Debug|Any CPU
		{C6D3ED37-4EE6-4CF2-B302-D4AB892AD28C}.Debug|x86.Build.0 = Debug|Any CPU
		{C6D3ED37-4EE6-4CF2-B302-D4AB892AD28C}.Release|Any CPU.ActiveCfg = Release|Any CPU
		{C6D3ED37-4EE6-4CF2-B302-D4AB892AD28C}.Release|Any CPU.Build.0 = Release|Any CPU
		{C6D3ED37-4EE6-4CF2-B302-D4AB892AD28C}.Release|x64.ActiveCfg = Release|Any CPU
		{C6D3ED37-4EE6-4CF2-B302-D4AB892AD28C}.Release|x64.Build.0 = Release|Any CPU
		{C6D3ED37-4EE6-4CF2-B302-D4AB892AD28C}.Release|x86.ActiveCfg = Release|Any CPU
		{C6D3ED37-4EE6-4CF2-B302-D4AB892AD28C}.Release|x86.Build.0 = Release|Any CPU
		{A7572FF7-C2D7-492C-B5B4-1025CF601750}.Debug|Any CPU.ActiveCfg = Debug|Any CPU
		{A7572FF7-C2D7-492C-B5B4-1025CF601750}.Debug|Any CPU.Build.0 = Debug|Any CPU
		{A7572FF7-C2D7-492C-B5B4-1025CF601750}.Debug|x64.ActiveCfg = Debug|Any CPU
		{A7572FF7-C2D7-492C-B5B4-1025CF601750}.Debug|x64.Build.0 = Debug|Any CPU
		{A7572FF7-C2D7-492C-B5B4-1025CF601750}.Debug|x86.ActiveCfg = Debug|Any CPU
		{A7572FF7-C2D7-492C-B5B4-1025CF601750}.Debug|x86.Build.0 = Debug|Any CPU
		{A7572FF7-C2D7-492C-B5B4-1025CF601750}.Release|Any CPU.ActiveCfg = Release|Any CPU
		{A7572FF7-C2D7-492C-B5B4-1025CF601750}.Release|Any CPU.Build.0 = Release|Any CPU
		{A7572FF7-C2D7-492C-B5B4-1025CF601750}.Release|x64.ActiveCfg = Release|Any CPU
		{A7572FF7-C2D7-492C-B5B4-1025CF601750}.Release|x64.Build.0 = Release|Any CPU
		{A7572FF7-C2D7-492C-B5B4-1025CF601750}.Release|x86.ActiveCfg = Release|Any CPU
		{A7572FF7-C2D7-492C-B5B4-1025CF601750}.Release|x86.Build.0 = Release|Any CPU
		{E62DA591-1A04-4189-856F-6D9987B51CB0}.Debug|Any CPU.ActiveCfg = Debug|Any CPU
		{E62DA591-1A04-4189-856F-6D9987B51CB0}.Debug|Any CPU.Build.0 = Debug|Any CPU
		{E62DA591-1A04-4189-856F-6D9987B51CB0}.Debug|x64.ActiveCfg = Debug|Any CPU
		{E62DA591-1A04-4189-856F-6D9987B51CB0}.Debug|x64.Build.0 = Debug|Any CPU
		{E62DA591-1A04-4189-856F-6D9987B51CB0}.Debug|x86.ActiveCfg = Debug|Any CPU
		{E62DA591-1A04-4189-856F-6D9987B51CB0}.Debug|x86.Build.0 = Debug|Any CPU
		{E62DA591-1A04-4189-856F-6D9987B51CB0}.Release|Any CPU.ActiveCfg = Release|Any CPU
		{E62DA591-1A04-4189-856F-6D9987B51CB0}.Release|Any CPU.Build.0 = Release|Any CPU
		{E62DA591-1A04-4189-856F-6D9987B51CB0}.Release|x64.ActiveCfg = Release|Any CPU
		{E62DA591-1A04-4189-856F-6D9987B51CB0}.Release|x64.Build.0 = Release|Any CPU
		{E62DA591-1A04-4189-856F-6D9987B51CB0}.Release|x86.ActiveCfg = Release|Any CPU
		{E62DA591-1A04-4189-856F-6D9987B51CB0}.Release|x86.Build.0 = Release|Any CPU
		{23EBEAE4-9E4D-41E9-B948-49AD0FA1A37B}.Debug|Any CPU.ActiveCfg = Debug|Any CPU
		{23EBEAE4-9E4D-41E9-B948-49AD0FA1A37B}.Debug|Any CPU.Build.0 = Debug|Any CPU
		{23EBEAE4-9E4D-41E9-B948-49AD0FA1A37B}.Debug|x64.ActiveCfg = Debug|Any CPU
		{23EBEAE4-9E4D-41E9-B948-49AD0FA1A37B}.Debug|x64.Build.0 = Debug|Any CPU
		{23EBEAE4-9E4D-41E9-B948-49AD0FA1A37B}.Debug|x86.ActiveCfg = Debug|Any CPU
		{23EBEAE4-9E4D-41E9-B948-49AD0FA1A37B}.Debug|x86.Build.0 = Debug|Any CPU
		{23EBEAE4-9E4D-41E9-B948-49AD0FA1A37B}.Release|Any CPU.ActiveCfg = Release|Any CPU
		{23EBEAE4-9E4D-41E9-B948-49AD0FA1A37B}.Release|Any CPU.Build.0 = Release|Any CPU
		{23EBEAE4-9E4D-41E9-B948-49AD0FA1A37B}.Release|x64.ActiveCfg = Release|Any CPU
		{23EBEAE4-9E4D-41E9-B948-49AD0FA1A37B}.Release|x64.Build.0 = Release|Any CPU
		{23EBEAE4-9E4D-41E9-B948-49AD0FA1A37B}.Release|x86.ActiveCfg = Release|Any CPU
		{23EBEAE4-9E4D-41E9-B948-49AD0FA1A37B}.Release|x86.Build.0 = Release|Any CPU
		{AC35AF1C-E645-41F9-84B9-372EF9D8BF80}.Debug|Any CPU.ActiveCfg = Debug|Any CPU
		{AC35AF1C-E645-41F9-84B9-372EF9D8BF80}.Debug|Any CPU.Build.0 = Debug|Any CPU
		{AC35AF1C-E645-41F9-84B9-372EF9D8BF80}.Debug|x64.ActiveCfg = Debug|Any CPU
		{AC35AF1C-E645-41F9-84B9-372EF9D8BF80}.Debug|x64.Build.0 = Debug|Any CPU
		{AC35AF1C-E645-41F9-84B9-372EF9D8BF80}.Debug|x86.ActiveCfg = Debug|Any CPU
		{AC35AF1C-E645-41F9-84B9-372EF9D8BF80}.Debug|x86.Build.0 = Debug|Any CPU
		{AC35AF1C-E645-41F9-84B9-372EF9D8BF80}.Release|Any CPU.ActiveCfg = Release|Any CPU
		{AC35AF1C-E645-41F9-84B9-372EF9D8BF80}.Release|Any CPU.Build.0 = Release|Any CPU
		{AC35AF1C-E645-41F9-84B9-372EF9D8BF80}.Release|x64.ActiveCfg = Release|Any CPU
		{AC35AF1C-E645-41F9-84B9-372EF9D8BF80}.Release|x64.Build.0 = Release|Any CPU
		{AC35AF1C-E645-41F9-84B9-372EF9D8BF80}.Release|x86.ActiveCfg = Release|Any CPU
		{AC35AF1C-E645-41F9-84B9-372EF9D8BF80}.Release|x86.Build.0 = Release|Any CPU
		{9A24F100-1BEF-4128-A54F-02E688F77C6C}.Debug|Any CPU.ActiveCfg = Debug|Any CPU
		{9A24F100-1BEF-4128-A54F-02E688F77C6C}.Debug|Any CPU.Build.0 = Debug|Any CPU
		{9A24F100-1BEF-4128-A54F-02E688F77C6C}.Debug|x64.ActiveCfg = Debug|Any CPU
		{9A24F100-1BEF-4128-A54F-02E688F77C6C}.Debug|x64.Build.0 = Debug|Any CPU
		{9A24F100-1BEF-4128-A54F-02E688F77C6C}.Debug|x86.ActiveCfg = Debug|Any CPU
		{9A24F100-1BEF-4128-A54F-02E688F77C6C}.Debug|x86.Build.0 = Debug|Any CPU
		{9A24F100-1BEF-4128-A54F-02E688F77C6C}.Release|Any CPU.ActiveCfg = Release|Any CPU
		{9A24F100-1BEF-4128-A54F-02E688F77C6C}.Release|Any CPU.Build.0 = Release|Any CPU
		{9A24F100-1BEF-4128-A54F-02E688F77C6C}.Release|x64.ActiveCfg = Release|Any CPU
		{9A24F100-1BEF-4128-A54F-02E688F77C6C}.Release|x64.Build.0 = Release|Any CPU
		{9A24F100-1BEF-4128-A54F-02E688F77C6C}.Release|x86.ActiveCfg = Release|Any CPU
		{9A24F100-1BEF-4128-A54F-02E688F77C6C}.Release|x86.Build.0 = Release|Any CPU
		{76D79231-5A49-468D-96CA-9C1BA2C34986}.Debug|Any CPU.ActiveCfg = Debug|Any CPU
		{76D79231-5A49-468D-96CA-9C1BA2C34986}.Debug|Any CPU.Build.0 = Debug|Any CPU
		{76D79231-5A49-468D-96CA-9C1BA2C34986}.Debug|x64.ActiveCfg = Debug|Any CPU
		{76D79231-5A49-468D-96CA-9C1BA2C34986}.Debug|x64.Build.0 = Debug|Any CPU
		{76D79231-5A49-468D-96CA-9C1BA2C34986}.Debug|x86.ActiveCfg = Debug|Any CPU
		{76D79231-5A49-468D-96CA-9C1BA2C34986}.Debug|x86.Build.0 = Debug|Any CPU
		{76D79231-5A49-468D-96CA-9C1BA2C34986}.Release|Any CPU.ActiveCfg = Release|Any CPU
		{76D79231-5A49-468D-96CA-9C1BA2C34986}.Release|Any CPU.Build.0 = Release|Any CPU
		{76D79231-5A49-468D-96CA-9C1BA2C34986}.Release|x64.ActiveCfg = Release|Any CPU
		{76D79231-5A49-468D-96CA-9C1BA2C34986}.Release|x64.Build.0 = Release|Any CPU
		{76D79231-5A49-468D-96CA-9C1BA2C34986}.Release|x86.ActiveCfg = Release|Any CPU
		{76D79231-5A49-468D-96CA-9C1BA2C34986}.Release|x86.Build.0 = Release|Any CPU
	EndGlobalSection
	GlobalSection(SolutionProperties) = preSolution
		HideSolutionNode = FALSE
	EndGlobalSection
	GlobalSection(NestedProjects) = preSolution
		{775B2305-6656-40B5-A80C-21E36CCC42E1} = {827E0CD3-B72D-47B6-A68D-7590B98EB39B}
		{E6E2457F-4076-4E31-AA7C-154839FDB6EC} = {0C88DD14-F956-CE84-757C-A364CCF449FC}
		{EFFB34CE-6818-490D-BFFB-900E04703EF8} = {827E0CD3-B72D-47B6-A68D-7590B98EB39B}
		{C6D3ED37-4EE6-4CF2-B302-D4AB892AD28C} = {0C88DD14-F956-CE84-757C-A364CCF449FC}
		{CF411D60-7DB2-DC37-C65C-A801AC78F899} = {827E0CD3-B72D-47B6-A68D-7590B98EB39B}
		{A7572FF7-C2D7-492C-B5B4-1025CF601750} = {CF411D60-7DB2-DC37-C65C-A801AC78F899}
		{E62DA591-1A04-4189-856F-6D9987B51CB0} = {CF411D60-7DB2-DC37-C65C-A801AC78F899}
		{E147993B-44E9-E682-C459-CCD5EB38EFB8} = {827E0CD3-B72D-47B6-A68D-7590B98EB39B}
		{23EBEAE4-9E4D-41E9-B948-49AD0FA1A37B} = {E147993B-44E9-E682-C459-CCD5EB38EFB8}
		{AC35AF1C-E645-41F9-84B9-372EF9D8BF80} = {E147993B-44E9-E682-C459-CCD5EB38EFB8}
		{C235EAF9-E2E8-05BF-1161-39018F353CB3} = {827E0CD3-B72D-47B6-A68D-7590B98EB39B}
		{9A24F100-1BEF-4128-A54F-02E688F77C6C} = {C235EAF9-E2E8-05BF-1161-39018F353CB3}
		{76D79231-5A49-468D-96CA-9C1BA2C34986} = {C235EAF9-E2E8-05BF-1161-39018F353CB3}
	EndGlobalSection
EndGlobal
